version = 1
requires-python = ">=3.10"

[[package]]
name = "nhs-number"
version = "1.3.4"
source = { registry = "https://pypi.org/simple" }
sdist = { url = "https://files.pythonhosted.org/packages/b5/99/c270a4f45df4427bb099e90887839be223758bb6a11cfb40f95d1db9bf37/nhs_number-1.3.4.tar.gz", hash = "sha256:be2bb644aead15a3d7b577d48717d599b85469a101f105efd6effbad1bf70217", size = 7255 }
wheels = [
    { url = "https://files.pythonhosted.org/packages/0d/17/a7eeea51fb96473e79b2f76e3e1a902a0b52a8a2e08c5db6236682cf74ed/nhs_number-1.3.4-py3-none-any.whl", hash = "sha256:254b31ffe85ae2290c9325442fb4427c3839f46a049408bb1c1e9c9f36e0c39b", size = 9330 },
]

[[package]]
name = "nhsnumber-fun"
version = "0.1.0"
source = { virtual = "." }
dependencies = [
    { name = "nhs-number" },
]

[package.metadata]
requires-dist = [{ name = "nhs-number", specifier = ">=1.3.4" }]
